{
  "name": "telegram-bot",
  "version": "1.0.0",
  "lockfileVersion": 1,
  "requires": true,
  "dependencies": {
    "@jace1995/telegraf": {
      "version": "1.0.3",
      "resolved": "https://registry.npmjs.org/@jace1995/telegraf/-/telegraf-1.0.3.tgz",
      "integrity": "sha512-GDu1t10kpkClnfIQ9j2CjtMRhmhMohOJSW2VLyNZOPL3N2h6mXMnZch6P9Yga8Oi8/UNIegv9vveXX5fMHdjFA==",
      "requires": {
        "@types/node": "9.6.0",
        "telegraf": "3.20.0"
      }
    },
    "@jace1995/telegram-lite": {
      "version": "1.0.1",
      "resolved": "https://registry.npmjs.org/@jace1995/telegram-lite/-/telegram-lite-1.0.1.tgz",
      "integrity": "sha512-ESDlQWITXp6FAVVyZ2EBk9Lyvdfos5Q2lSsGvwTzh6+5FPswP/9FxCf7UzzKHtCf+7/nDThlq/WyrWNXMaItSw==",
      "requires": {
        "@types/delay": "2.0.1",
        "@types/node": "9.6.0",
        "delay": "2.0.0",
        "telegraf": "3.20.0"
      }
    },
    "@types/delay": {
      "version": "2.0.1",
      "resolved": "https://registry.npmjs.org/@types/delay/-/delay-2.0.1.tgz",
      "integrity": "sha512-D1/YuYOcdOIdaQnaiUJ77VcilVvESkynw79CtGqpjkXyv4OUezEVZtdXnSOwXL8Zcelu66QbyC8QQcVQ/ZPdig=="
    },
    "@types/lodash": {
      "version": "4.14.106",
      "resolved": "https://registry.npmjs.org/@types/lodash/-/lodash-4.14.106.tgz",
      "integrity": "sha512-tOSvCVrvSqFZ4A/qrqqm6p37GZoawsZtoR0SJhlF7EonNZUgrn8FfT+RNQ11h+NUpMt6QVe36033f3qEKBwfWA=="
    },
    "@types/node": {
      "version": "9.6.0",
      "resolved": "https://registry.npmjs.org/@types/node/-/node-9.6.0.tgz",
      "integrity": "sha512-h3YZbOq2+ZoDFI1z8Zx0Ck/xRWkOESVaLdgLdd/c25mMQ1Y2CAkILu9ny5A15S5f32gGcQdaUIZ2jzYr8D7IFg=="
    },
    "@types/rethinkdb": {
      "version": "2.3.9",
      "resolved": "https://registry.npmjs.org/@types/rethinkdb/-/rethinkdb-2.3.9.tgz",
      "integrity": "sha512-aZJ04nskmPH4OIsyxMRAVnNEFaGLllTJSdOIchAaugGtocjEQA3F7sUs6XSJfwPfXOL/EnLjyGi2R5dfQsmOcA==",
      "requires": {
        "@types/node": "9.6.0"
      }
    },
    "bluebird": {
      "version": "2.11.0",
      "resolved": "https://registry.npmjs.org/bluebird/-/bluebird-2.11.0.tgz",
      "integrity": "sha1-U0uQM8AiyVecVro7Plpcqvu2UOE="
    },
    "debug": {
      "version": "3.1.0",
      "resolved": "https://registry.npmjs.org/debug/-/debug-3.1.0.tgz",
      "integrity": "sha512-OX8XqP7/1a9cqkxYw2yXss15f26NKWBpDXQd0/uK/KPqdQhxbPa994hnzjcE2VqQpDslf55723cKPUOGSmMY3g==",
      "requires": {
        "ms": "2.0.0"
      }
    },
    "delay": {
      "version": "2.0.0",
      "resolved": "https://registry.npmjs.org/delay/-/delay-2.0.0.tgz",
      "integrity": "sha1-kRLq3APk7H4AKXM3iW8nO72R+uU=",
      "requires": {
        "p-defer": "1.0.0"
      }
    },
    "ms": {
      "version": "2.0.0",
      "resolved": "https://registry.npmjs.org/ms/-/ms-2.0.0.tgz",
      "integrity": "sha1-VgiurfwAvmwpAd9fmGF4jeDVl8g="
    },
    "node-fetch": {
      "version": "2.1.1",
      "resolved": "https://registry.npmjs.org/node-fetch/-/node-fetch-2.1.1.tgz",
      "integrity": "sha1-NpynC4L1DIZJYQSmx3bSdPTkotQ="
    },
    "p-defer": {
      "version": "1.0.0",
      "resolved": "https://registry.npmjs.org/p-defer/-/p-defer-1.0.0.tgz",
      "integrity": "sha1-n26xgvbJqozXQwBKfU+WsZaw+ww="
    },
    "rethinkdb": {
      "version": "2.3.3",
      "resolved": "https://registry.npmjs.org/rethinkdb/-/rethinkdb-2.3.3.tgz",
      "integrity": "sha1-PcZYbiL6HavuDSVOZL0ON5+tL3I=",
      "requires": {
        "bluebird": "2.11.0"
      }
    },
    "sandwich-stream": {
      "version": "1.0.0",
      "resolved": "https://registry.npmjs.org/sandwich-stream/-/sandwich-stream-1.0.0.tgz",
      "integrity": "sha1-eDDkV5e1kzKH8fmyj4cZB0ViYvI="
    },
    "telegraf": {
      "version": "3.20.0",
      "resolved": "https://registry.npmjs.org/telegraf/-/telegraf-3.20.0.tgz",
      "integrity": "sha512-2IZcBTQZvM7A6eJMtRYvTIZQCO0vI0iK6FQzh5vJCoCy/tbc8GTA3lj2GdOcMULGHfNTiYDCJ54+pKyyF9t1DA==",
      "requires": {
        "debug": "3.1.0",
        "node-fetch": "2.1.1",
        "sandwich-stream": "1.0.0"
      }
    }
  }
}
